
Microsoft Visual Studio Solution File, Format Version 12.00
# Visual Studio Version 17
VisualStudioVersion = 17.14.36518.9 d17.14
MinimumVisualStudioVersion = 10.0.40219.1
Project("{8BC9CEB8-8B4A-11D0-8D11-00A0C91BC942}") = "EasyVK", "EasyVK.vcxproj", "{204F9E78-1188-37FF-8A7D-98EA6B2868BC}"
EndProject
Global
	GlobalSection(SolutionConfigurationPlatforms) = preSolution
		Debug|x64 = Debug|x64
		Release|x64 = Release|x64
	EndGlobalSection
	GlobalSection(ProjectConfigurationPlatforms) = postSolution
		{204F9E78-1188-37FF-8A7D-98EA6B2868BC}.Debug|x64.ActiveCfg = Debug|x64
		{204F9E78-1188-37FF-8A7D-98EA6B2868BC}.Debug|x64.Build.0 = Debug|x64
		{204F9E78-1188-37FF-8A7D-98EA6B2868BC}.Release|x64.ActiveCfg = Release|x64
		{204F9E78-1188-37FF-8A7D-98EA6B2868BC}.Release|x64.Build.0 = Release|x64
	EndGlobalSection
	GlobalSection(SolutionProperties) = preSolution
		HideSolutionNode = FALSE
	EndGlobalSection
	GlobalSection(ExtensibilityGlobals) = postSolution
		SolutionGuid = {4AAE21C5-FC08-41DE-95E2-30F389AD5CAB}
	EndGlobalSection
EndGlobal
